// !$*UTF8*$!
{
	archiveVersion = 1;
	classes = {
	};
	objectVersion = 50;
	objects = {

/* Begin PBXBuildFile section */
		A8E5613E2100CDC2005015BF /* Utilities.cpp in Sources */ = {isa = PBXBuildFile; fileRef = A8E561332100CDC2005015BF /* Utilities.cpp */; };
		A8E5614C2100D977005015BF /* IMPoint.cpp in Sources */ = {isa = PBXBuildFile; fileRef = A8E561472100D977005015BF /* IMPoint.cpp */; };
		A8E5614D2100D977005015BF /* IsoMetrics.cpp in Sources */ = {isa = PBXBuildFile; fileRef = A8E561482100D977005015BF /* IsoMetrics.cpp */; };
		A8E5614E2100D977005015BF /* IMPolygon.cpp in Sources */ = {isa = PBXBuildFile; fileRef = A8E561492100D977005015BF /* IMPolygon.cpp */; };
		A8E5614F2100D977005015BF /* IsoMetrics.hpp in Headers */ = {isa = PBXBuildFile; fileRef = A8E5614A2100D977005015BF /* IsoMetrics.hpp */; };
		A8E561502100D977005015BF /* IMPresets.cpp in Sources */ = {isa = PBXBuildFile; fileRef = A8E5614B2100D977005015BF /* IMPresets.cpp */; };
/* End PBXBuildFile section */

/* Begin PBXFileReference section */
		A8E5610F20FFE94D005015BF /* libIsoMetrics.dylib */ = {isa = PBXFileReference; explicitFileType = "compiled.mach-o.dylib"; includeInIndex = 0; path = libIsoMetrics.dylib; sourceTree = BUILT_PRODUCTS_DIR; };
		A8E561302100CDC2005015BF /* File.txt */ = {isa = PBXFileReference; fileEncoding = 4; lastKnownFileType = text; path = File.txt; sourceTree = "<group>"; };
		A8E561332100CDC2005015BF /* Utilities.cpp */ = {isa = PBXFileReference; fileEncoding = 4; lastKnownFileType = sourcecode.cpp.cpp; path = Utilities.cpp; sourceTree = "<group>"; };
		A8E561472100D977005015BF /* IMPoint.cpp */ = {isa = PBXFileReference; fileEncoding = 4; lastKnownFileType = sourcecode.cpp.cpp; path = IMPoint.cpp; sourceTree = "<group>"; };
		A8E561482100D977005015BF /* IsoMetrics.cpp */ = {isa = PBXFileReference; fileEncoding = 4; lastKnownFileType = sourcecode.cpp.cpp; path = IsoMetrics.cpp; sourceTree = "<group>"; };
		A8E561492100D977005015BF /* IMPolygon.cpp */ = {isa = PBXFileReference; fileEncoding = 4; lastKnownFileType = sourcecode.cpp.cpp; path = IMPolygon.cpp; sourceTree = "<group>"; };
		A8E5614A2100D977005015BF /* IsoMetrics.hpp */ = {isa = PBXFileReference; fileEncoding = 4; lastKnownFileType = sourcecode.cpp.h; path = IsoMetrics.hpp; sourceTree = "<group>"; };
		A8E5614B2100D977005015BF /* IMPresets.cpp */ = {isa = PBXFileReference; fileEncoding = 4; lastKnownFileType = sourcecode.cpp.cpp; path = IMPresets.cpp; sourceTree = "<group>"; };
/* End PBXFileReference section */

/* Begin PBXFrameworksBuildPhase section */
		A8E5610C20FFE94D005015BF /* Frameworks */ = {
			isa = PBXFrameworksBuildPhase;
			buildActionMask = 2147483647;
			files = (
			);
			runOnlyForDeploymentPostprocessing = 0;
		};
/* End PBXFrameworksBuildPhase section */

/* Begin PBXGroup section */
		A8B8EEDE210C6AAB00F3C2E9 /* Frameworks */ = {
			isa = PBXGroup;
			children = (
			);
			name = Frameworks;
			sourceTree = "<group>";
		};
		A8E5610620FFE94D005015BF = {
			isa = PBXGroup;
			children = (
				A8E5612F2100CDC2005015BF /* IsoMetrics */,
				A8E5611020FFE94D005015BF /* Products */,
				A8B8EEDE210C6AAB00F3C2E9 /* Frameworks */,
			);
			sourceTree = "<group>";
		};
		A8E5611020FFE94D005015BF /* Products */ = {
			isa = PBXGroup;
			children = (
				A8E5610F20FFE94D005015BF /* libIsoMetrics.dylib */,
			);
			name = Products;
			sourceTree = "<group>";
		};
		A8E5612F2100CDC2005015BF /* IsoMetrics */ = {
			isa = PBXGroup;
			children = (
				A8E561482100D977005015BF /* IsoMetrics.cpp */,
				A8E5614A2100D977005015BF /* IsoMetrics.hpp */,
				A8E561332100CDC2005015BF /* Utilities.cpp */,
				A8E561472100D977005015BF /* IMPoint.cpp */,
				A8E561492100D977005015BF /* IMPolygon.cpp */,
				A8E5614B2100D977005015BF /* IMPresets.cpp */,
				A8E561302100CDC2005015BF /* File.txt */,
			);
			path = IsoMetrics;
			sourceTree = "<group>";
		};
/* End PBXGroup section */

/* Begin PBXHeadersBuildPhase section */
		A8E5610D20FFE94D005015BF /* Headers */ = {
			isa = PBXHeadersBuildPhase;
			buildActionMask = 2147483647;
			files = (
				A8E5614F2100D977005015BF /* IsoMetrics.hpp in Headers */,
			);
			runOnlyForDeploymentPostprocessing = 0;
		};
/* End PBXHeadersBuildPhase section */

/* Begin PBXNativeTarget section */
		A8E5610E20FFE94D005015BF /* IsoMetrics */ = {
			isa = PBXNativeTarget;
			buildConfigurationList = A8E5611320FFE94D005015BF /* Build configuration list for PBXNativeTarget "IsoMetrics" */;
			buildPhases = (
				A8E5610B20FFE94D005015BF /* Sources */,
				A8E5610C20FFE94D005015BF /* Frameworks */,
				A8E5610D20FFE94D005015BF /* Headers */,
			);
			buildRules = (
			);
			dependencies = (
			);
			name = IsoMetrics;
			productName = IsoMetrics;
			productReference = A8E5610F20FFE94D005015BF /* libIsoMetrics.dylib */;
			productType = "com.apple.product-type.library.dynamic";
		};
/* End PBXNativeTarget section */

/* Begin PBXProject section */
		A8E5610720FFE94D005015BF /* Project object */ = {
			isa = PBXProject;
			attributes = {
				LastSwiftUpdateCheck = 0940;
				LastUpgradeCheck = 0940;
				ORGANIZATIONNAME = "Javax Inc.";
				TargetAttributes = {
					A8E5610E20FFE94D005015BF = {
						CreatedOnToolsVersion = 9.4.1;
						LastSwiftMigration = 0940;
					};
				};
			};
			buildConfigurationList = A8E5610A20FFE94D005015BF /* Build configuration list for PBXProject "IsoMetrics" */;
			compatibilityVersion = "Xcode 9.3";
			developmentRegion = en;
			hasScannedForEncodings = 0;
			knownRegions = (
				en,
				Base,
			);
			mainGroup = A8E5610620FFE94D005015BF;
			productRefGroup = A8E5611020FFE94D005015BF /* Products */;
			projectDirPath = "";
			projectRoot = "";
			targets = (
				A8E5610E20FFE94D005015BF /* IsoMetrics */,
			);
		};
/* End PBXProject section */

/* Begin PBXSourcesBuildPhase section */
		A8E5610B20FFE94D005015BF /* Sources */ = {
			isa = PBXSourcesBuildPhase;
			buildActionMask = 2147483647;
			files = (
				A8E5614E2100D977005015BF /* IMPolygon.cpp in Sources */,
				A8E561502100D977005015BF /* IMPresets.cpp in Sources */,
				A8E5614C2100D977005015BF /* IMPoint.cpp in Sources */,
				A8E5614D2100D977005015BF /* IsoMetrics.cpp in Sources */,
				A8E5613E2100CDC2005015BF /* Utilities.cpp in Sources */,
			);
			runOnlyForDeploymentPostprocessing = 0;
		};
/* End PBXSourcesBuildPhase section */

/* Begin XCBuildConfiguration section */
		A8E5611120FFE94D005015BF /* Debug */ = {
			isa = XCBuildConfiguration;
			buildSettings = {
				ALWAYS_SEARCH_USER_PATHS = NO;
				CLANG_ANALYZER_NONNULL = YES;
				CLANG_ANALYZER_NUMBER_OBJECT_CONVERSION = YES_AGGRESSIVE;
				CLANG_CXX_LANGUAGE_STANDARD = "gnu++14";
				CLANG_CXX_LIBRARY = "libc++";
				CLANG_ENABLE_MODULES = YES;
				CLANG_ENABLE_OBJC_ARC = YES;
				CLANG_ENABLE_OBJC_WEAK = YES;
				CLANG_WARN_BLOCK_CAPTURE_AUTORELEASING = YES;
				CLANG_WARN_BOOL_CONVERSION = YES;
				CLANG_WARN_COMMA = YES;
				CLANG_WARN_CONSTANT_CONVERSION = YES;
				CLANG_WARN_DEPRECATED_OBJC_IMPLEMENTATIONS = YES;
				CLANG_WARN_DIRECT_OBJC_ISA_USAGE = YES_ERROR;
				CLANG_WARN_DOCUMENTATION_COMMENTS = YES;
				CLANG_WARN_EMPTY_BODY = YES;
				CLANG_WARN_ENUM_CONVERSION = YES;
				CLANG_WARN_INFINITE_RECURSION = YES;
				CLANG_WARN_INT_CONVERSION = YES;
				CLANG_WARN_NON_LITERAL_NULL_CONVERSION = YES;
				CLANG_WARN_OBJC_IMPLICIT_RETAIN_SELF = YES;
				CLANG_WARN_OBJC_LITERAL_CONVERSION = YES;
				CLANG_WARN_OBJC_ROOT_CLASS = YES_ERROR;
				CLANG_WARN_RANGE_LOOP_ANALYSIS = YES;
				CLANG_WARN_STRICT_PROTOTYPES = YES;
				CLANG_WARN_SUSPICIOUS_MOVE = YES;
				CLANG_WARN_UNGUARDED_AVAILABILITY = YES_AGGRESSIVE;
				CLANG_WARN_UNREACHABLE_CODE = YES;
				CLANG_WARN__DUPLICATE_METHOD_MATCH = YES;
				CODE_SIGN_IDENTITY = "-";
				COPY_PHASE_STRIP = NO;
				DEBUG_INFORMATION_FORMAT = dwarf;
				ENABLE_STRICT_OBJC_MSGSEND = YES;
				ENABLE_TESTABILITY = YES;
				GCC_C_LANGUAGE_STANDARD = gnu11;
				GCC_DYNAMIC_NO_PIC = NO;
				GCC_NO_COMMON_BLOCKS = YES;
				GCC_OPTIMIZATION_LEVEL = 0;
				GCC_PREPROCESSOR_DEFINITIONS = (
					"DEBUG=1",
					"$(inherited)",
				);
				GCC_WARN_64_TO_32_BIT_CONVERSION = YES;
				GCC_WARN_ABOUT_RETURN_TYPE = YES_ERROR;
				GCC_WARN_UNDECLARED_SELECTOR = YES;
				GCC_WARN_UNINITIALIZED_AUTOS = YES_AGGRESSIVE;
				GCC_WARN_UNUSED_FUNCTION = YES;
				GCC_WARN_UNUSED_VARIABLE = YES;
				MTL_ENABLE_DEBUG_INFO = YES;
				ONLY_ACTIVE_ARCH = YES;
				SDKROOT = macosx;
			};
			name = Debug;
		};
		A8E5611220FFE94D005015BF /* Release */ = {
			isa = XCBuildConfiguration;
			buildSettings = {
				ALWAYS_SEARCH_USER_PATHS = NO;
				CLANG_ANALYZER_NONNULL = YES;
				CLANG_ANALYZER_NUMBER_OBJECT_CONVERSION = YES_AGGRESSIVE;
				CLANG_CXX_LANGUAGE_STANDARD = "gnu++14";
				CLANG_CXX_LIBRARY = "libc++";
				CLANG_ENABLE_MODULES = YES;
				CLANG_ENABLE_OBJC_ARC = YES;
				CLANG_ENABLE_OBJC_WEAK = YES;
				CLANG_WARN_BLOCK_CAPTURE_AUTORELEASING = YES;
				CLANG_WARN_BOOL_CONVERSION = YES;
				CLANG_WARN_COMMA = YES;
				CLANG_WARN_CONSTANT_CONVERSION = YES;
				CLANG_WARN_DEPRECATED_OBJC_IMPLEMENTATIONS = YES;
				CLANG_WARN_DIRECT_OBJC_ISA_USAGE = YES_ERROR;
				CLANG_WARN_DOCUMENTATION_COMMENTS = YES;
				CLANG_WARN_EMPTY_BODY = YES;
				CLANG_WARN_ENUM_CONVERSION = YES;
				CLANG_WARN_INFINITE_RECURSION = YES;
				CLANG_WARN_INT_CONVERSION = YES;
				CLANG_WARN_NON_LITERAL_NULL_CONVERSION = YES;
				CLANG_WARN_OBJC_IMPLICIT_RETAIN_SELF = YES;
				CLANG_WARN_OBJC_LITERAL_CONVERSION = YES;
				CLANG_WARN_OBJC_ROOT_CLASS = YES_ERROR;
				CLANG_WARN_RANGE_LOOP_ANALYSIS = YES;
				CLANG_WARN_STRICT_PROTOTYPES = YES;
				CLANG_WARN_SUSPICIOUS_MOVE = YES;
				CLANG_WARN_UNGUARDED_AVAILABILITY = YES_AGGRESSIVE;
				CLANG_WARN_UNREACHABLE_CODE = YES;
				CLANG_WARN__DUPLICATE_METHOD_MATCH = YES;
				CODE_SIGN_IDENTITY = "-";
				COPY_PHASE_STRIP = NO;
				DEBUG_INFORMATION_FORMAT = "dwarf-with-dsym";
				ENABLE_NS_ASSERTIONS = NO;
				ENABLE_STRICT_OBJC_MSGSEND = YES;
				GCC_C_LANGUAGE_STANDARD = gnu11;
				GCC_NO_COMMON_BLOCKS = YES;
				GCC_WARN_64_TO_32_BIT_CONVERSION = YES;
				GCC_WARN_ABOUT_RETURN_TYPE = YES_ERROR;
				GCC_WARN_UNDECLARED_SELECTOR = YES;
				GCC_WARN_UNINITIALIZED_AUTOS = YES_AGGRESSIVE;
				GCC_WARN_UNUSED_FUNCTION = YES;
				GCC_WARN_UNUSED_VARIABLE = YES;
				MTL_ENABLE_DEBUG_INFO = NO;
				SDKROOT = macosx;
			};
			name = Release;
		};
		A8E5611420FFE94D005015BF /* Debug */ = {
			isa = XCBuildConfiguration;
			buildSettings = {
				APPLY_RULES_IN_COPY_FILES = YES;
				CLANG_ENABLE_MODULES = YES;
				CODE_SIGN_STYLE = Automatic;
				DYLIB_CURRENT_VERSION = 1;
				EXECUTABLE_PREFIX = lib;
				GENERATE_TEXT_BASED_STUBS = YES;
				LD_RUNPATH_SEARCH_PATHS = (
					"$(inherited)",
					"@executable_path/../Frameworks",
					"@loader_path/../Frameworks",
				);
				MACH_O_TYPE = mh_dylib;
				PRODUCT_NAME = "$(TARGET_NAME)";
				SKIP_INSTALL = YES;
				SUPPORTED_PLATFORMS = "macosx linux";
				SWIFT_OPTIMIZATION_LEVEL = "-Onone";
				SWIFT_VERSION = 3.0;
			};
			name = Debug;
		};
		A8E5611520FFE94D005015BF /* Release */ = {
			isa = XCBuildConfiguration;
			buildSettings = {
				APPLY_RULES_IN_COPY_FILES = YES;
				CLANG_ENABLE_MODULES = YES;
				CODE_SIGN_STYLE = Automatic;
				DYLIB_CURRENT_VERSION = 1;
				EXECUTABLE_PREFIX = lib;
				GENERATE_TEXT_BASED_STUBS = YES;
				LD_RUNPATH_SEARCH_PATHS = (
					"$(inherited)",
					"@executable_path/../Frameworks",
					"@loader_path/../Frameworks",
				);
				MACH_O_TYPE = mh_dylib;
				PRODUCT_NAME = "$(TARGET_NAME)";
				SKIP_INSTALL = YES;
				SUPPORTED_PLATFORMS = "macosx linux";
				SWIFT_VERSION = 3.0;
			};
			name = Release;
		};
/* End XCBuildConfiguration section */

/* Begin XCConfigurationList section */
		A8E5610A20FFE94D005015BF /* Build configuration list for PBXProject "IsoMetrics" */ = {
			isa = XCConfigurationList;
			buildConfigurations = (
				A8E5611120FFE94D005015BF /* Debug */,
				A8E5611220FFE94D005015BF /* Release */,
			);
			defaultConfigurationIsVisible = 0;
			defaultConfigurationName = Release;
		};
		A8E5611320FFE94D005015BF /* Build configuration list for PBXNativeTarget "IsoMetrics" */ = {
			isa = XCConfigurationList;
			buildConfigurations = (
				A8E5611420FFE94D005015BF /* Debug */,
				A8E5611520FFE94D005015BF /* Release */,
			);
			defaultConfigurationIsVisible = 0;
			defaultConfigurationName = Release;
		};
/* End XCConfigurationList section */
	};
	rootObject = A8E5610720FFE94D005015BF /* Project object */;
}
